
Microsoft Visual Studio Solution File, Format Version 12.00
# Visual Studio 15
VisualStudioVersion = 15.0.28307.852
MinimumVisualStudioVersion = 10.0.40219.1
Project("{FAE04EC0-301F-11D3-BF4B-00C04F79EFBC}") = "14_NotifyPropertyChange_UWP", "14_NotifyPropertyChange_UWP\14_NotifyPropertyChange_UWP.csproj", "{ED7EDE67-DC37-40D0-9545-CD65567E7439}"
EndProject
Global
	GlobalSection(SolutionConfigurationPlatforms) = preSolution
		Debug|ARM = Debug|ARM
		Debug|ARM64 = Debug|ARM64
		Debug|x64 = Debug|x64
		Debug|x86 = Debug|x86
		Release|ARM = Release|ARM
		Release|ARM64 = Release|ARM64
		Release|x64 = Release|x64
		Release|x86 = Release|x86
	EndGlobalSection
	GlobalSection(ProjectConfigurationPlatforms) = postSolution
		{ED7EDE67-DC37-40D0-9545-CD65567E7439}.Debug|ARM.ActiveCfg = Debug|ARM
		{ED7EDE67-DC37-40D0-9545-CD65567E7439}.Debug|ARM.Build.0 = Debug|ARM
		{ED7EDE67-DC37-40D0-9545-CD65567E7439}.Debug|ARM.Deploy.0 = Debug|ARM
		{ED7EDE67-DC37-40D0-9545-CD65567E7439}.Debug|ARM64.ActiveCfg = Debug|ARM64
		{ED7EDE67-DC37-40D0-9545-CD65567E7439}.Debug|ARM64.Build.0 = Debug|ARM64
		{ED7EDE67-DC37-40D0-9545-CD65567E7439}.Debug|ARM64.Deploy.0 = Debug|ARM64
		{ED7EDE67-DC37-40D0-9545-CD65567E7439}.Debug|x64.ActiveCfg = Debug|x64
		{ED7EDE67-DC37-40D0-9545-CD65567E7439}.Debug|x64.Build.0 = Debug|x64
		{ED7EDE67-DC37-40D0-9545-CD65567E7439}.Debug|x64.Deploy.0 = Debug|x64
		{ED7EDE67-DC37-40D0-9545-CD65567E7439}.Debug|x86.ActiveCfg = Debug|x86
		{ED7EDE67-DC37-40D0-9545-CD65567E7439}.Debug|x86.Build.0 = Debug|x86
		{ED7EDE67-DC37-40D0-9545-CD65567E7439}.Debug|x86.Deploy.0 = Debug|x86
		{ED7EDE67-DC37-40D0-9545-CD65567E7439}.Release|ARM.ActiveCfg = Release|ARM
		{ED7EDE67-DC37-40D0-9545-CD65567E7439}.Release|ARM.Build.0 = Release|ARM
		{ED7EDE67-DC37-40D0-9545-CD65567E7439}.Release|ARM.Deploy.0 = Release|ARM
		{ED7EDE67-DC37-40D0-9545-CD65567E7439}.Release|ARM64.ActiveCfg = Release|ARM64
		{ED7EDE67-DC37-40D0-9545-CD65567E7439}.Release|ARM64.Build.0 = Release|ARM64
		{ED7EDE67-DC37-40D0-9545-CD65567E7439}.Release|ARM64.Deploy.0 = Release|ARM64
		{ED7EDE67-DC37-40D0-9545-CD65567E7439}.Release|x64.ActiveCfg = Release|x64
		{ED7EDE67-DC37-40D0-9545-CD65567E7439}.Release|x64.Build.0 = Release|x64
		{ED7EDE67-DC37-40D0-9545-CD65567E7439}.Release|x64.Deploy.0 = Release|x64
		{ED7EDE67-DC37-40D0-9545-CD65567E7439}.Release|x86.ActiveCfg = Release|x86
		{ED7EDE67-DC37-40D0-9545-CD65567E7439}.Release|x86.Build.0 = Release|x86
		{ED7EDE67-DC37-40D0-9545-CD65567E7439}.Release|x86.Deploy.0 = Release|x86
	EndGlobalSection
	GlobalSection(SolutionProperties) = preSolution
		HideSolutionNode = FALSE
	EndGlobalSection
	GlobalSection(ExtensibilityGlobals) = postSolution
		SolutionGuid = {782974B3-BB1B-49B9-B20A-B2A8AE11E3C0}
	EndGlobalSection
EndGlobal
