
Microsoft Visual Studio Solution File, Format Version 12.00
# Visual Studio 15
VisualStudioVersion = 15.0.28307.852
MinimumVisualStudioVersion = 10.0.40219.1
Project("{FAE04EC0-301F-11D3-BF4B-00C04F79EFBC}") = "05_layouts_UWP", "05_layouts_UWP\05_layouts_UWP.csproj", "{997BF0D4-0729-4412-83C4-32296B4E3A30}"
EndProject
Global
	GlobalSection(SolutionConfigurationPlatforms) = preSolution
		Debug|ARM = Debug|ARM
		Debug|ARM64 = Debug|ARM64
		Debug|x64 = Debug|x64
		Debug|x86 = Debug|x86
		Release|ARM = Release|ARM
		Release|ARM64 = Release|ARM64
		Release|x64 = Release|x64
		Release|x86 = Release|x86
	EndGlobalSection
	GlobalSection(ProjectConfigurationPlatforms) = postSolution
		{997BF0D4-0729-4412-83C4-32296B4E3A30}.Debug|ARM.ActiveCfg = Debug|ARM
		{997BF0D4-0729-4412-83C4-32296B4E3A30}.Debug|ARM.Build.0 = Debug|ARM
		{997BF0D4-0729-4412-83C4-32296B4E3A30}.Debug|ARM.Deploy.0 = Debug|ARM
		{997BF0D4-0729-4412-83C4-32296B4E3A30}.Debug|ARM64.ActiveCfg = Debug|ARM64
		{997BF0D4-0729-4412-83C4-32296B4E3A30}.Debug|ARM64.Build.0 = Debug|ARM64
		{997BF0D4-0729-4412-83C4-32296B4E3A30}.Debug|ARM64.Deploy.0 = Debug|ARM64
		{997BF0D4-0729-4412-83C4-32296B4E3A30}.Debug|x64.ActiveCfg = Debug|x64
		{997BF0D4-0729-4412-83C4-32296B4E3A30}.Debug|x64.Build.0 = Debug|x64
		{997BF0D4-0729-4412-83C4-32296B4E3A30}.Debug|x64.Deploy.0 = Debug|x64
		{997BF0D4-0729-4412-83C4-32296B4E3A30}.Debug|x86.ActiveCfg = Debug|x86
		{997BF0D4-0729-4412-83C4-32296B4E3A30}.Debug|x86.Build.0 = Debug|x86
		{997BF0D4-0729-4412-83C4-32296B4E3A30}.Debug|x86.Deploy.0 = Debug|x86
		{997BF0D4-0729-4412-83C4-32296B4E3A30}.Release|ARM.ActiveCfg = Release|ARM
		{997BF0D4-0729-4412-83C4-32296B4E3A30}.Release|ARM.Build.0 = Release|ARM
		{997BF0D4-0729-4412-83C4-32296B4E3A30}.Release|ARM.Deploy.0 = Release|ARM
		{997BF0D4-0729-4412-83C4-32296B4E3A30}.Release|ARM64.ActiveCfg = Release|ARM64
		{997BF0D4-0729-4412-83C4-32296B4E3A30}.Release|ARM64.Build.0 = Release|ARM64
		{997BF0D4-0729-4412-83C4-32296B4E3A30}.Release|ARM64.Deploy.0 = Release|ARM64
		{997BF0D4-0729-4412-83C4-32296B4E3A30}.Release|x64.ActiveCfg = Release|x64
		{997BF0D4-0729-4412-83C4-32296B4E3A30}.Release|x64.Build.0 = Release|x64
		{997BF0D4-0729-4412-83C4-32296B4E3A30}.Release|x64.Deploy.0 = Release|x64
		{997BF0D4-0729-4412-83C4-32296B4E3A30}.Release|x86.ActiveCfg = Release|x86
		{997BF0D4-0729-4412-83C4-32296B4E3A30}.Release|x86.Build.0 = Release|x86
		{997BF0D4-0729-4412-83C4-32296B4E3A30}.Release|x86.Deploy.0 = Release|x86
	EndGlobalSection
	GlobalSection(SolutionProperties) = preSolution
		HideSolutionNode = FALSE
	EndGlobalSection
	GlobalSection(ExtensibilityGlobals) = postSolution
		SolutionGuid = {C35F0AF8-E2B5-4250-B16A-3175813E4288}
	EndGlobalSection
EndGlobal
