
Microsoft Visual Studio Solution File, Format Version 12.00
# Visual Studio Version 16
VisualStudioVersion = 16.0.29326.143
MinimumVisualStudioVersion = 10.0.40219.1
Project("{FAE04EC0-301F-11D3-BF4B-00C04F79EFBC}") = "CRUD_Superheroe_UI", "CRUD_Superheroe_UI\CRUD_Superheroe_UI.csproj", "{740A7808-8B4D-434E-81B0-079DDA1DE686}"
EndProject
Project("{FAE04EC0-301F-11D3-BF4B-00C04F79EFBC}") = "CRUD_Superheroe_Entities", "CRUD_Superheroe_Entities\CRUD_Superheroe_Entities.csproj", "{7D2CD4AD-1077-4BCB-9378-3FDAC20D577F}"
EndProject
Project("{FAE04EC0-301F-11D3-BF4B-00C04F79EFBC}") = "CRUD_Superheroe_DAL", "CRUD_Superheroe_DAL\CRUD_Superheroe_DAL.csproj", "{7752238C-E488-4769-9992-63078CD9DD04}"
EndProject
Project("{FAE04EC0-301F-11D3-BF4B-00C04F79EFBC}") = "CRUD_Superheroe_BL", "CRUD_Superheroe_BL\CRUD_Superheroe_BL.csproj", "{5EA7851F-2D17-4F23-830D-A746C957324A}"
EndProject
Global
	GlobalSection(SolutionConfigurationPlatforms) = preSolution
		Debug|Any CPU = Debug|Any CPU
		Debug|ARM = Debug|ARM
		Debug|ARM64 = Debug|ARM64
		Debug|x64 = Debug|x64
		Debug|x86 = Debug|x86
		Release|Any CPU = Release|Any CPU
		Release|ARM = Release|ARM
		Release|ARM64 = Release|ARM64
		Release|x64 = Release|x64
		Release|x86 = Release|x86
	EndGlobalSection
	GlobalSection(ProjectConfigurationPlatforms) = postSolution
		{740A7808-8B4D-434E-81B0-079DDA1DE686}.Debug|Any CPU.ActiveCfg = Debug|x86
		{740A7808-8B4D-434E-81B0-079DDA1DE686}.Debug|ARM.ActiveCfg = Debug|ARM
		{740A7808-8B4D-434E-81B0-079DDA1DE686}.Debug|ARM.Build.0 = Debug|ARM
		{740A7808-8B4D-434E-81B0-079DDA1DE686}.Debug|ARM.Deploy.0 = Debug|ARM
		{740A7808-8B4D-434E-81B0-079DDA1DE686}.Debug|ARM64.ActiveCfg = Debug|ARM64
		{740A7808-8B4D-434E-81B0-079DDA1DE686}.Debug|ARM64.Build.0 = Debug|ARM64
		{740A7808-8B4D-434E-81B0-079DDA1DE686}.Debug|ARM64.Deploy.0 = Debug|ARM64
		{740A7808-8B4D-434E-81B0-079DDA1DE686}.Debug|x64.ActiveCfg = Debug|x64
		{740A7808-8B4D-434E-81B0-079DDA1DE686}.Debug|x64.Build.0 = Debug|x64
		{740A7808-8B4D-434E-81B0-079DDA1DE686}.Debug|x64.Deploy.0 = Debug|x64
		{740A7808-8B4D-434E-81B0-079DDA1DE686}.Debug|x86.ActiveCfg = Debug|x86
		{740A7808-8B4D-434E-81B0-079DDA1DE686}.Debug|x86.Build.0 = Debug|x86
		{740A7808-8B4D-434E-81B0-079DDA1DE686}.Debug|x86.Deploy.0 = Debug|x86
		{740A7808-8B4D-434E-81B0-079DDA1DE686}.Release|Any CPU.ActiveCfg = Release|x86
		{740A7808-8B4D-434E-81B0-079DDA1DE686}.Release|ARM.ActiveCfg = Release|ARM
		{740A7808-8B4D-434E-81B0-079DDA1DE686}.Release|ARM.Build.0 = Release|ARM
		{740A7808-8B4D-434E-81B0-079DDA1DE686}.Release|ARM.Deploy.0 = Release|ARM
		{740A7808-8B4D-434E-81B0-079DDA1DE686}.Release|ARM64.ActiveCfg = Release|ARM64
		{740A7808-8B4D-434E-81B0-079DDA1DE686}.Release|ARM64.Build.0 = Release|ARM64
		{740A7808-8B4D-434E-81B0-079DDA1DE686}.Release|ARM64.Deploy.0 = Release|ARM64
		{740A7808-8B4D-434E-81B0-079DDA1DE686}.Release|x64.ActiveCfg = Release|x64
		{740A7808-8B4D-434E-81B0-079DDA1DE686}.Release|x64.Build.0 = Release|x64
		{740A7808-8B4D-434E-81B0-079DDA1DE686}.Release|x64.Deploy.0 = Release|x64
		{740A7808-8B4D-434E-81B0-079DDA1DE686}.Release|x86.ActiveCfg = Release|x86
		{740A7808-8B4D-434E-81B0-079DDA1DE686}.Release|x86.Build.0 = Release|x86
		{740A7808-8B4D-434E-81B0-079DDA1DE686}.Release|x86.Deploy.0 = Release|x86
		{7D2CD4AD-1077-4BCB-9378-3FDAC20D577F}.Debug|Any CPU.ActiveCfg = Debug|Any CPU
		{7D2CD4AD-1077-4BCB-9378-3FDAC20D577F}.Debug|Any CPU.Build.0 = Debug|Any CPU
		{7D2CD4AD-1077-4BCB-9378-3FDAC20D577F}.Debug|ARM.ActiveCfg = Debug|ARM
		{7D2CD4AD-1077-4BCB-9378-3FDAC20D577F}.Debug|ARM.Build.0 = Debug|ARM
		{7D2CD4AD-1077-4BCB-9378-3FDAC20D577F}.Debug|ARM64.ActiveCfg = Debug|ARM64
		{7D2CD4AD-1077-4BCB-9378-3FDAC20D577F}.Debug|ARM64.Build.0 = Debug|ARM64
		{7D2CD4AD-1077-4BCB-9378-3FDAC20D577F}.Debug|x64.ActiveCfg = Debug|x64
		{7D2CD4AD-1077-4BCB-9378-3FDAC20D577F}.Debug|x64.Build.0 = Debug|x64
		{7D2CD4AD-1077-4BCB-9378-3FDAC20D577F}.Debug|x86.ActiveCfg = Debug|x86
		{7D2CD4AD-1077-4BCB-9378-3FDAC20D577F}.Debug|x86.Build.0 = Debug|x86
		{7D2CD4AD-1077-4BCB-9378-3FDAC20D577F}.Release|Any CPU.ActiveCfg = Release|Any CPU
		{7D2CD4AD-1077-4BCB-9378-3FDAC20D577F}.Release|Any CPU.Build.0 = Release|Any CPU
		{7D2CD4AD-1077-4BCB-9378-3FDAC20D577F}.Release|ARM.ActiveCfg = Release|ARM
		{7D2CD4AD-1077-4BCB-9378-3FDAC20D577F}.Release|ARM.Build.0 = Release|ARM
		{7D2CD4AD-1077-4BCB-9378-3FDAC20D577F}.Release|ARM64.ActiveCfg = Release|ARM64
		{7D2CD4AD-1077-4BCB-9378-3FDAC20D577F}.Release|ARM64.Build.0 = Release|ARM64
		{7D2CD4AD-1077-4BCB-9378-3FDAC20D577F}.Release|x64.ActiveCfg = Release|x64
		{7D2CD4AD-1077-4BCB-9378-3FDAC20D577F}.Release|x64.Build.0 = Release|x64
		{7D2CD4AD-1077-4BCB-9378-3FDAC20D577F}.Release|x86.ActiveCfg = Release|x86
		{7D2CD4AD-1077-4BCB-9378-3FDAC20D577F}.Release|x86.Build.0 = Release|x86
		{7752238C-E488-4769-9992-63078CD9DD04}.Debug|Any CPU.ActiveCfg = Debug|Any CPU
		{7752238C-E488-4769-9992-63078CD9DD04}.Debug|Any CPU.Build.0 = Debug|Any CPU
		{7752238C-E488-4769-9992-63078CD9DD04}.Debug|ARM.ActiveCfg = Debug|ARM
		{7752238C-E488-4769-9992-63078CD9DD04}.Debug|ARM.Build.0 = Debug|ARM
		{7752238C-E488-4769-9992-63078CD9DD04}.Debug|ARM64.ActiveCfg = Debug|ARM64
		{7752238C-E488-4769-9992-63078CD9DD04}.Debug|ARM64.Build.0 = Debug|ARM64
		{7752238C-E488-4769-9992-63078CD9DD04}.Debug|x64.ActiveCfg = Debug|x64
		{7752238C-E488-4769-9992-63078CD9DD04}.Debug|x64.Build.0 = Debug|x64
		{7752238C-E488-4769-9992-63078CD9DD04}.Debug|x86.ActiveCfg = Debug|x86
		{7752238C-E488-4769-9992-63078CD9DD04}.Debug|x86.Build.0 = Debug|x86
		{7752238C-E488-4769-9992-63078CD9DD04}.Release|Any CPU.ActiveCfg = Release|Any CPU
		{7752238C-E488-4769-9992-63078CD9DD04}.Release|Any CPU.Build.0 = Release|Any CPU
		{7752238C-E488-4769-9992-63078CD9DD04}.Release|ARM.ActiveCfg = Release|ARM
		{7752238C-E488-4769-9992-63078CD9DD04}.Release|ARM.Build.0 = Release|ARM
		{7752238C-E488-4769-9992-63078CD9DD04}.Release|ARM64.ActiveCfg = Release|ARM64
		{7752238C-E488-4769-9992-63078CD9DD04}.Release|ARM64.Build.0 = Release|ARM64
		{7752238C-E488-4769-9992-63078CD9DD04}.Release|x64.ActiveCfg = Release|x64
		{7752238C-E488-4769-9992-63078CD9DD04}.Release|x64.Build.0 = Release|x64
		{7752238C-E488-4769-9992-63078CD9DD04}.Release|x86.ActiveCfg = Release|x86
		{7752238C-E488-4769-9992-63078CD9DD04}.Release|x86.Build.0 = Release|x86
		{5EA7851F-2D17-4F23-830D-A746C957324A}.Debug|Any CPU.ActiveCfg = Debug|Any CPU
		{5EA7851F-2D17-4F23-830D-A746C957324A}.Debug|Any CPU.Build.0 = Debug|Any CPU
		{5EA7851F-2D17-4F23-830D-A746C957324A}.Debug|ARM.ActiveCfg = Debug|ARM
		{5EA7851F-2D17-4F23-830D-A746C957324A}.Debug|ARM.Build.0 = Debug|ARM
		{5EA7851F-2D17-4F23-830D-A746C957324A}.Debug|ARM64.ActiveCfg = Debug|ARM64
		{5EA7851F-2D17-4F23-830D-A746C957324A}.Debug|ARM64.Build.0 = Debug|ARM64
		{5EA7851F-2D17-4F23-830D-A746C957324A}.Debug|x64.ActiveCfg = Debug|x64
		{5EA7851F-2D17-4F23-830D-A746C957324A}.Debug|x64.Build.0 = Debug|x64
		{5EA7851F-2D17-4F23-830D-A746C957324A}.Debug|x86.ActiveCfg = Debug|x86
		{5EA7851F-2D17-4F23-830D-A746C957324A}.Debug|x86.Build.0 = Debug|x86
		{5EA7851F-2D17-4F23-830D-A746C957324A}.Release|Any CPU.ActiveCfg = Release|Any CPU
		{5EA7851F-2D17-4F23-830D-A746C957324A}.Release|Any CPU.Build.0 = Release|Any CPU
		{5EA7851F-2D17-4F23-830D-A746C957324A}.Release|ARM.ActiveCfg = Release|ARM
		{5EA7851F-2D17-4F23-830D-A746C957324A}.Release|ARM.Build.0 = Release|ARM
		{5EA7851F-2D17-4F23-830D-A746C957324A}.Release|ARM64.ActiveCfg = Release|ARM64
		{5EA7851F-2D17-4F23-830D-A746C957324A}.Release|ARM64.Build.0 = Release|ARM64
		{5EA7851F-2D17-4F23-830D-A746C957324A}.Release|x64.ActiveCfg = Release|x64
		{5EA7851F-2D17-4F23-830D-A746C957324A}.Release|x64.Build.0 = Release|x64
		{5EA7851F-2D17-4F23-830D-A746C957324A}.Release|x86.ActiveCfg = Release|x86
		{5EA7851F-2D17-4F23-830D-A746C957324A}.Release|x86.Build.0 = Release|x86
	EndGlobalSection
	GlobalSection(SolutionProperties) = preSolution
		HideSolutionNode = FALSE
	EndGlobalSection
	GlobalSection(ExtensibilityGlobals) = postSolution
		SolutionGuid = {9D5FF1B2-6AAC-470A-BE21-B1448909E468}
	EndGlobalSection
EndGlobal
